// !$*UTF8*$!
{
	archiveVersion = 1;
	classes = {
	};
	objectVersion = 77;
	objects = {

/* Begin PBXContainerItemProxy section */
		DAEB3F802D50432800981042 /* PBXContainerItemProxy */ = {
			isa = PBXContainerItemProxy;
			containerPortal = DAEB3F672D50432500981042 /* Project object */;
			proxyType = 1;
			remoteGlobalIDString = DAEB3F6E2D50432500981042;
			remoteInfo = HelloCoffeeApp;
		};
		DAEB3F8A2D50432800981042 /* PBXContainerItemProxy */ = {
			isa = PBXContainerItemProxy;
			containerPortal = DAEB3F672D50432500981042 /* Project object */;
			proxyType = 1;
			remoteGlobalIDString = DAEB3F6E2D50432500981042;
			remoteInfo = HelloCoffeeApp;
		};
/* End PBXContainerItemProxy section */

/* Begin PBXFileReference section */
		DAEB3F6F2D50432500981042 /* HelloCoffeeApp.app */ = {isa = PBXFileReference; explicitFileType = wrapper.application; includeInIndex = 0; path = HelloCoffeeApp.app; sourceTree = BUILT_PRODUCTS_DIR; };
		DAEB3F7F2D50432800981042 /* HelloCoffeeAppTests.xctest */ = {isa = PBXFileReference; explicitFileType = wrapper.cfbundle; includeInIndex = 0; path = HelloCoffeeAppTests.xctest; sourceTree = BUILT_PRODUCTS_DIR; };
		DAEB3F892D50432800981042 /* HelloCoffeeAppUITests.xctest */ = {isa = PBXFileReference; explicitFileType = wrapper.cfbundle; includeInIndex = 0; path = HelloCoffeeAppUITests.xctest; sourceTree = BUILT_PRODUCTS_DIR; };
/* End PBXFileReference section */

/* Begin PBXFileSystemSynchronizedRootGroup section */
		DAEB3F712D50432500981042 /* HelloCoffeeApp */ = {
			isa = PBXFileSystemSynchronizedRootGroup;
			path = HelloCoffeeApp;
			sourceTree = "<group>";
		};
		DAEB3F822D50432800981042 /* HelloCoffeeAppTests */ = {
			isa = PBXFileSystemSynchronizedRootGroup;
			path = HelloCoffeeAppTests;
			sourceTree = "<group>";
		};
		DAEB3F8C2D50432800981042 /* HelloCoffeeAppUITests */ = {
			isa = PBXFileSystemSynchronizedRootGroup;
			path = HelloCoffeeAppUITests;
			sourceTree = "<group>";
		};
/* End PBXFileSystemSynchronizedRootGroup section */

/* Begin PBXFrameworksBuildPhase section */
		DAEB3F6C2D50432500981042 /* Frameworks */ = {
			isa = PBXFrameworksBuildPhase;
			buildActionMask = 2147483647;
			files = (
			);
			runOnlyForDeploymentPostprocessing = 0;
		};
		DAEB3F7C2D50432800981042 /* Frameworks */ = {
			isa = PBXFrameworksBuildPhase;
			buildActionMask = 2147483647;
			files = (
			);
			runOnlyForDeploymentPostprocessing = 0;
		};
		DAEB3F862D50432800981042 /* Frameworks */ = {
			isa = PBXFrameworksBuildPhase;
			buildActionMask = 2147483647;
			files = (
			);
			runOnlyForDeploymentPostprocessing = 0;
		};
/* End PBXFrameworksBuildPhase section */

/* Begin PBXGroup section */
		DAEB3F662D50432500981042 = {
			isa = PBXGroup;
			children = (
				DAEB3F712D50432500981042 /* HelloCoffeeApp */,
				DAEB3F822D50432800981042 /* HelloCoffeeAppTests */,
				DAEB3F8C2D50432800981042 /* HelloCoffeeAppUITests */,
				DAEB3F702D50432500981042 /* Products */,
			);
			sourceTree = "<group>";
		};
		DAEB3F702D50432500981042 /* Products */ = {
			isa = PBXGroup;
			children = (
				DAEB3F6F2D50432500981042 /* HelloCoffeeApp.app */,
				DAEB3F7F2D50432800981042 /* HelloCoffeeAppTests.xctest */,
				DAEB3F892D50432800981042 /* HelloCoffeeAppUITests.xctest */,
			);
			name = Products;
			sourceTree = "<group>";
		};
/* End PBXGroup section */

/* Begin PBXNativeTarget section */
		DAEB3F6E2D50432500981042 /* HelloCoffeeApp */ = {
			isa = PBXNativeTarget;
			buildConfigurationList = DAEB3F932D50432800981042 /* Build configuration list for PBXNativeTarget "HelloCoffeeApp" */;
			buildPhases = (
				DAEB3F6B2D50432500981042 /* Sources */,
				DAEB3F6C2D50432500981042 /* Frameworks */,
				DAEB3F6D2D50432500981042 /* Resources */,
			);
			buildRules = (
			);
			dependencies = (
			);
			fileSystemSynchronizedGroups = (
				DAEB3F712D50432500981042 /* HelloCoffeeApp */,
			);
			name = HelloCoffeeApp;
			packageProductDependencies = (
			);
			productName = HelloCoffeeApp;
			productReference = DAEB3F6F2D50432500981042 /* HelloCoffeeApp.app */;
			productType = "com.apple.product-type.application";
		};
		DAEB3F7E2D50432800981042 /* HelloCoffeeAppTests */ = {
			isa = PBXNativeTarget;
			buildConfigurationList = DAEB3F962D50432800981042 /* Build configuration list for PBXNativeTarget "HelloCoffeeAppTests" */;
			buildPhases = (
				DAEB3F7B2D50432800981042 /* Sources */,
				DAEB3F7C2D50432800981042 /* Frameworks */,
				DAEB3F7D2D50432800981042 /* Resources */,
			);
			buildRules = (
			);
			dependencies = (
				DAEB3F812D50432800981042 /* PBXTargetDependency */,
			);
			fileSystemSynchronizedGroups = (
				DAEB3F822D50432800981042 /* HelloCoffeeAppTests */,
			);
			name = HelloCoffeeAppTests;
			packageProductDependencies = (
			);
			productName = HelloCoffeeAppTests;
			productReference = DAEB3F7F2D50432800981042 /* HelloCoffeeAppTests.xctest */;
			productType = "com.apple.product-type.bundle.unit-test";
		};
		DAEB3F882D50432800981042 /* HelloCoffeeAppUITests */ = {
			isa = PBXNativeTarget;
			buildConfigurationList = DAEB3F992D50432800981042 /* Build configuration list for PBXNativeTarget "HelloCoffeeAppUITests" */;
			buildPhases = (
				DAEB3F852D50432800981042 /* Sources */,
				DAEB3F862D50432800981042 /* Frameworks */,
				DAEB3F872D50432800981042 /* Resources */,
			);
			buildRules = (
			);
			dependencies = (
				DAEB3F8B2D50432800981042 /* PBXTargetDependency */,
			);
			fileSystemSynchronizedGroups = (
				DAEB3F8C2D50432800981042 /* HelloCoffeeAppUITests */,
			);
			name = HelloCoffeeAppUITests;
			packageProductDependencies = (
			);
			productName = HelloCoffeeAppUITests;
			productReference = DAEB3F892D50432800981042 /* HelloCoffeeAppUITests.xctest */;
			productType = "com.apple.product-type.bundle.ui-testing";
		};
/* End PBXNativeTarget section */

/* Begin PBXProject section */
		DAEB3F672D50432500981042 /* Project object */ = {
			isa = PBXProject;
			attributes = {
				BuildIndependentTargetsInParallel = 1;
				LastSwiftUpdateCheck = 1610;
				LastUpgradeCheck = 1610;
				TargetAttributes = {
					DAEB3F6E2D50432500981042 = {
						CreatedOnToolsVersion = 16.1;
					};
					DAEB3F7E2D50432800981042 = {
						CreatedOnToolsVersion = 16.1;
						TestTargetID = DAEB3F6E2D50432500981042;
					};
					DAEB3F882D50432800981042 = {
						CreatedOnToolsVersion = 16.1;
						TestTargetID = DAEB3F6E2D50432500981042;
					};
				};
			};
			buildConfigurationList = DAEB3F6A2D50432500981042 /* Build configuration list for PBXProject "HelloCoffeeApp" */;
			developmentRegion = en;
			hasScannedForEncodings = 0;
			knownRegions = (
				en,
				Base,
			);
			mainGroup = DAEB3F662D50432500981042;
			minimizedProjectReferenceProxies = 1;
			preferredProjectObjectVersion = 77;
			productRefGroup = DAEB3F702D50432500981042 /* Products */;
			projectDirPath = "";
			projectRoot = "";
			targets = (
				DAEB3F6E2D50432500981042 /* HelloCoffeeApp */,
				DAEB3F7E2D50432800981042 /* HelloCoffeeAppTests */,
				DAEB3F882D50432800981042 /* HelloCoffeeAppUITests */,
			);
		};
/* End PBXProject section */

/* Begin PBXResourcesBuildPhase section */
		DAEB3F6D2D50432500981042 /* Resources */ = {
			isa = PBXResourcesBuildPhase;
			buildActionMask = 2147483647;
			files = (
			);
			runOnlyForDeploymentPostprocessing = 0;
		};
		DAEB3F7D2D50432800981042 /* Resources */ = {
			isa = PBXResourcesBuildPhase;
			buildActionMask = 2147483647;
			files = (
			);
			runOnlyForDeploymentPostprocessing = 0;
		};
		DAEB3F872D50432800981042 /* Resources */ = {
			isa = PBXResourcesBuildPhase;
			buildActionMask = 2147483647;
			files = (
			);
			runOnlyForDeploymentPostprocessing = 0;
		};
/* End PBXResourcesBuildPhase section */

/* Begin PBXSourcesBuildPhase section */
		DAEB3F6B2D50432500981042 /* Sources */ = {
			isa = PBXSourcesBuildPhase;
			buildActionMask = 2147483647;
			files = (
			);
			runOnlyForDeploymentPostprocessing = 0;
		};
		DAEB3F7B2D50432800981042 /* Sources */ = {
			isa = PBXSourcesBuildPhase;
			buildActionMask = 2147483647;
			files = (
			);
			runOnlyForDeploymentPostprocessing = 0;
		};
		DAEB3F852D50432800981042 /* Sources */ = {
			isa = PBXSourcesBuildPhase;
			buildActionMask = 2147483647;
			files = (
			);
			runOnlyForDeploymentPostprocessing = 0;
		};
/* End PBXSourcesBuildPhase section */

/* Begin PBXTargetDependency section */
		DAEB3F812D50432800981042 /* PBXTargetDependency */ = {
			isa = PBXTargetDependency;
			target = DAEB3F6E2D50432500981042 /* HelloCoffeeApp */;
			targetProxy = DAEB3F802D50432800981042 /* PBXContainerItemProxy */;
		};
		DAEB3F8B2D50432800981042 /* PBXTargetDependency */ = {
			isa = PBXTargetDependency;
			target = DAEB3F6E2D50432500981042 /* HelloCoffeeApp */;
			targetProxy = DAEB3F8A2D50432800981042 /* PBXContainerItemProxy */;
		};
/* End PBXTargetDependency section */

/* Begin XCBuildConfiguration section */
		DAEB3F912D50432800981042 /* Debug */ = {
			isa = XCBuildConfiguration;
			buildSettings = {
				ALWAYS_SEARCH_USER_PATHS = NO;
				ASSETCATALOG_COMPILER_GENERATE_SWIFT_ASSET_SYMBOL_EXTENSIONS = YES;
				CLANG_ANALYZER_NONNULL = YES;
				CLANG_ANALYZER_NUMBER_OBJECT_CONVERSION = YES_AGGRESSIVE;
				CLANG_CXX_LANGUAGE_STANDARD = "gnu++20";
				CLANG_ENABLE_MODULES = YES;
				CLANG_ENABLE_OBJC_ARC = YES;
				CLANG_ENABLE_OBJC_WEAK = YES;
				CLANG_WARN_BLOCK_CAPTURE_AUTORELEASING = YES;
				CLANG_WARN_BOOL_CONVERSION = YES;
				CLANG_WARN_COMMA = YES;
				CLANG_WARN_CONSTANT_CONVERSION = YES;
				CLANG_WARN_DEPRECATED_OBJC_IMPLEMENTATIONS = YES;
				CLANG_WARN_DIRECT_OBJC_ISA_USAGE = YES_ERROR;
				CLANG_WARN_DOCUMENTATION_COMMENTS = YES;
				CLANG_WARN_EMPTY_BODY = YES;
				CLANG_WARN_ENUM_CONVERSION = YES;
				CLANG_WARN_INFINITE_RECURSION = YES;
				CLANG_WARN_INT_CONVERSION = YES;
				CLANG_WARN_NON_LITERAL_NULL_CONVERSION = YES;
				CLANG_WARN_OBJC_IMPLICIT_RETAIN_SELF = YES;
				CLANG_WARN_OBJC_LITERAL_CONVERSION = YES;
				CLANG_WARN_OBJC_ROOT_CLASS = YES_ERROR;
				CLANG_WARN_QUOTED_INCLUDE_IN_FRAMEWORK_HEADER = YES;
				CLANG_WARN_RANGE_LOOP_ANALYSIS = YES;
				CLANG_WARN_STRICT_PROTOTYPES = YES;
				CLANG_WARN_SUSPICIOUS_MOVE = YES;
				CLANG_WARN_UNGUARDED_AVAILABILITY = YES_AGGRESSIVE;
				CLANG_WARN_UNREACHABLE_CODE = YES;
				CLANG_WARN__DUPLICATE_METHOD_MATCH = YES;
				COPY_PHASE_STRIP = NO;
				DEBUG_INFORMATION_FORMAT = dwarf;
				ENABLE_STRICT_OBJC_MSGSEND = YES;
				ENABLE_TESTABILITY = YES;
				ENABLE_USER_SCRIPT_SANDBOXING = YES;
				GCC_C_LANGUAGE_STANDARD = gnu17;
				GCC_DYNAMIC_NO_PIC = NO;
				GCC_NO_COMMON_BLOCKS = YES;
				GCC_OPTIMIZATION_LEVEL = 0;
				GCC_PREPROCESSOR_DEFINITIONS = (
					"DEBUG=1",
					"$(inherited)",
				);
				GCC_WARN_64_TO_32_BIT_CONVERSION = YES;
				GCC_WARN_ABOUT_RETURN_TYPE = YES_ERROR;
				GCC_WARN_UNDECLARED_SELECTOR = YES;
				GCC_WARN_UNINITIALIZED_AUTOS = YES_AGGRESSIVE;
				GCC_WARN_UNUSED_FUNCTION = YES;
				GCC_WARN_UNUSED_VARIABLE = YES;
				IPHONEOS_DEPLOYMENT_TARGET = 18.1;
				LOCALIZATION_PREFERS_STRING_CATALOGS = YES;
				MTL_ENABLE_DEBUG_INFO = INCLUDE_SOURCE;
				MTL_FAST_MATH = YES;
				ONLY_ACTIVE_ARCH = YES;
				SDKROOT = iphoneos;
				SWIFT_ACTIVE_COMPILATION_CONDITIONS = "DEBUG $(inherited)";
				SWIFT_OPTIMIZATION_LEVEL = "-Onone";
			};
			name = Debug;
		};
		DAEB3F922D50432800981042 /* Release */ = {
			isa = XCBuildConfiguration;
			buildSettings = {
				ALWAYS_SEARCH_USER_PATHS = NO;
				ASSETCATALOG_COMPILER_GENERATE_SWIFT_ASSET_SYMBOL_EXTENSIONS = YES;
				CLANG_ANALYZER_NONNULL = YES;
				CLANG_ANALYZER_NUMBER_OBJECT_CONVERSION = YES_AGGRESSIVE;
				CLANG_CXX_LANGUAGE_STANDARD = "gnu++20";
				CLANG_ENABLE_MODULES = YES;
				CLANG_ENABLE_OBJC_ARC = YES;
				CLANG_ENABLE_OBJC_WEAK = YES;
				CLANG_WARN_BLOCK_CAPTURE_AUTORELEASING = YES;
				CLANG_WARN_BOOL_CONVERSION = YES;
				CLANG_WARN_COMMA = YES;
				CLANG_WARN_CONSTANT_CONVERSION = YES;
				CLANG_WARN_DEPRECATED_OBJC_IMPLEMENTATIONS = YES;
				CLANG_WARN_DIRECT_OBJC_ISA_USAGE = YES_ERROR;
				CLANG_WARN_DOCUMENTATION_COMMENTS = YES;
				CLANG_WARN_EMPTY_BODY = YES;
				CLANG_WARN_ENUM_CONVERSION = YES;
				CLANG_WARN_INFINITE_RECURSION = YES;
				CLANG_WARN_INT_CONVERSION = YES;
				CLANG_WARN_NON_LITERAL_NULL_CONVERSION = YES;
				CLANG_WARN_OBJC_IMPLICIT_RETAIN_SELF = YES;
				CLANG_WARN_OBJC_LITERAL_CONVERSION = YES;
				CLANG_WARN_OBJC_ROOT_CLASS = YES_ERROR;
				CLANG_WARN_QUOTED_INCLUDE_IN_FRAMEWORK_HEADER = YES;
				CLANG_WARN_RANGE_LOOP_ANALYSIS = YES;
				CLANG_WARN_STRICT_PROTOTYPES = YES;
				CLANG_WARN_SUSPICIOUS_MOVE = YES;
				CLANG_WARN_UNGUARDED_AVAILABILITY = YES_AGGRESSIVE;
				CLANG_WARN_UNREACHABLE_CODE = YES;
				CLANG_WARN__DUPLICATE_METHOD_MATCH = YES;
				COPY_PHASE_STRIP = NO;
				DEBUG_INFORMATION_FORMAT = "dwarf-with-dsym";
				ENABLE_NS_ASSERTIONS = NO;
				ENABLE_STRICT_OBJC_MSGSEND = YES;
				ENABLE_USER_SCRIPT_SANDBOXING = YES;
				GCC_C_LANGUAGE_STANDARD = gnu17;
				GCC_NO_COMMON_BLOCKS = YES;
				GCC_WARN_64_TO_32_BIT_CONVERSION = YES;
				GCC_WARN_ABOUT_RETURN_TYPE = YES_ERROR;
				GCC_WARN_UNDECLARED_SELECTOR = YES;
				GCC_WARN_UNINITIALIZED_AUTOS = YES_AGGRESSIVE;
				GCC_WARN_UNUSED_FUNCTION = YES;
				GCC_WARN_UNUSED_VARIABLE = YES;
				IPHONEOS_DEPLOYMENT_TARGET = 18.1;
				LOCALIZATION_PREFERS_STRING_CATALOGS = YES;
				MTL_ENABLE_DEBUG_INFO = NO;
				MTL_FAST_MATH = YES;
				SDKROOT = iphoneos;
				SWIFT_COMPILATION_MODE = wholemodule;
				VALIDATE_PRODUCT = YES;
			};
			name = Release;
		};
		DAEB3F942D50432800981042 /* Debug */ = {
			isa = XCBuildConfiguration;
			buildSettings = {
				ASSETCATALOG_COMPILER_APPICON_NAME = AppIcon;
				ASSETCATALOG_COMPILER_GLOBAL_ACCENT_COLOR_NAME = AccentColor;
				CODE_SIGN_STYLE = Automatic;
				CURRENT_PROJECT_VERSION = 1;
				DEVELOPMENT_ASSET_PATHS = "\"HelloCoffeeApp/Preview Content\"";
				ENABLE_PREVIEWS = YES;
				GENERATE_INFOPLIST_FILE = YES;
				INFOPLIST_KEY_UIApplicationSceneManifest_Generation = YES;
				INFOPLIST_KEY_UIApplicationSupportsIndirectInputEvents = YES;
				INFOPLIST_KEY_UILaunchScreen_Generation = YES;
				INFOPLIST_KEY_UISupportedInterfaceOrientations_iPad = "UIInterfaceOrientationPortrait UIInterfaceOrientationPortraitUpsideDown UIInterfaceOrientationLandscapeLeft UIInterfaceOrientationLandscapeRight";
				INFOPLIST_KEY_UISupportedInterfaceOrientations_iPhone = "UIInterfaceOrientationPortrait UIInterfaceOrientationLandscapeLeft UIInterfaceOrientationLandscapeRight";
				LD_RUNPATH_SEARCH_PATHS = (
					"$(inherited)",
					"@executable_path/Frameworks",
				);
				MARKETING_VERSION = 1.0;
				PRODUCT_BUNDLE_IDENTIFIER = mohamed.shafai.HelloCoffeeApp;
				PRODUCT_NAME = "$(TARGET_NAME)";
				SWIFT_EMIT_LOC_STRINGS = YES;
				SWIFT_VERSION = 5.0;
				TARGETED_DEVICE_FAMILY = "1,2";
			};
			name = Debug;
		};
		DAEB3F952D50432800981042 /* Release */ = {
			isa = XCBuildConfiguration;
			buildSettings = {
				ASSETCATALOG_COMPILER_APPICON_NAME = AppIcon;
				ASSETCATALOG_COMPILER_GLOBAL_ACCENT_COLOR_NAME = AccentColor;
				CODE_SIGN_STYLE = Automatic;
				CURRENT_PROJECT_VERSION = 1;
				DEVELOPMENT_ASSET_PATHS = "\"HelloCoffeeApp/Preview Content\"";
				ENABLE_PREVIEWS = YES;
				GENERATE_INFOPLIST_FILE = YES;
				INFOPLIST_KEY_UIApplicationSceneManifest_Generation = YES;
				INFOPLIST_KEY_UIApplicationSupportsIndirectInputEvents = YES;
				INFOPLIST_KEY_UILaunchScreen_Generation = YES;
				INFOPLIST_KEY_UISupportedInterfaceOrientations_iPad = "UIInterfaceOrientationPortrait UIInterfaceOrientationPortraitUpsideDown UIInterfaceOrientationLandscapeLeft UIInterfaceOrientationLandscapeRight";
				INFOPLIST_KEY_UISupportedInterfaceOrientations_iPhone = "UIInterfaceOrientationPortrait UIInterfaceOrientationLandscapeLeft UIInterfaceOrientationLandscapeRight";
				LD_RUNPATH_SEARCH_PATHS = (
					"$(inherited)",
					"@executable_path/Frameworks",
				);
				MARKETING_VERSION = 1.0;
				PRODUCT_BUNDLE_IDENTIFIER = mohamed.shafai.HelloCoffeeApp;
				PRODUCT_NAME = "$(TARGET_NAME)";
				SWIFT_EMIT_LOC_STRINGS = YES;
				SWIFT_VERSION = 5.0;
				TARGETED_DEVICE_FAMILY = "1,2";
			};
			name = Release;
		};
		DAEB3F972D50432800981042 /* Debug */ = {
			isa = XCBuildConfiguration;
			buildSettings = {
				BUNDLE_LOADER = "$(TEST_HOST)";
				CODE_SIGN_STYLE = Automatic;
				CURRENT_PROJECT_VERSION = 1;
				GENERATE_INFOPLIST_FILE = YES;
				IPHONEOS_DEPLOYMENT_TARGET = 18.1;
				MARKETING_VERSION = 1.0;
				PRODUCT_BUNDLE_IDENTIFIER = mohamed.shafai.HelloCoffeeAppTests;
				PRODUCT_NAME = "$(TARGET_NAME)";
				SWIFT_EMIT_LOC_STRINGS = NO;
				SWIFT_VERSION = 5.0;
				TARGETED_DEVICE_FAMILY = "1,2";
				TEST_HOST = "$(BUILT_PRODUCTS_DIR)/HelloCoffeeApp.app/$(BUNDLE_EXECUTABLE_FOLDER_PATH)/HelloCoffeeApp";
			};
			name = Debug;
		};
		DAEB3F982D50432800981042 /* Release */ = {
			isa = XCBuildConfiguration;
			buildSettings = {
				BUNDLE_LOADER = "$(TEST_HOST)";
				CODE_SIGN_STYLE = Automatic;
				CURRENT_PROJECT_VERSION = 1;
				GENERATE_INFOPLIST_FILE = YES;
				IPHONEOS_DEPLOYMENT_TARGET = 18.1;
				MARKETING_VERSION = 1.0;
				PRODUCT_BUNDLE_IDENTIFIER = mohamed.shafai.HelloCoffeeAppTests;
				PRODUCT_NAME = "$(TARGET_NAME)";
				SWIFT_EMIT_LOC_STRINGS = NO;
				SWIFT_VERSION = 5.0;
				TARGETED_DEVICE_FAMILY = "1,2";
				TEST_HOST = "$(BUILT_PRODUCTS_DIR)/HelloCoffeeApp.app/$(BUNDLE_EXECUTABLE_FOLDER_PATH)/HelloCoffeeApp";
			};
			name = Release;
		};
		DAEB3F9A2D50432800981042 /* Debug */ = {
			isa = XCBuildConfiguration;
			buildSettings = {
				CODE_SIGN_STYLE = Automatic;
				CURRENT_PROJECT_VERSION = 1;
				GENERATE_INFOPLIST_FILE = YES;
				MARKETING_VERSION = 1.0;
				PRODUCT_BUNDLE_IDENTIFIER = mohamed.shafai.HelloCoffeeAppUITests;
				PRODUCT_NAME = "$(TARGET_NAME)";
				SWIFT_EMIT_LOC_STRINGS = NO;
				SWIFT_VERSION = 5.0;
				TARGETED_DEVICE_FAMILY = "1,2";
				TEST_TARGET_NAME = HelloCoffeeApp;
			};
			name = Debug;
		};
		DAEB3F9B2D50432800981042 /* Release */ = {
			isa = XCBuildConfiguration;
			buildSettings = {
				CODE_SIGN_STYLE = Automatic;
				CURRENT_PROJECT_VERSION = 1;
				GENERATE_INFOPLIST_FILE = YES;
				MARKETING_VERSION = 1.0;
				PRODUCT_BUNDLE_IDENTIFIER = mohamed.shafai.HelloCoffeeAppUITests;
				PRODUCT_NAME = "$(TARGET_NAME)";
				SWIFT_EMIT_LOC_STRINGS = NO;
				SWIFT_VERSION = 5.0;
				TARGETED_DEVICE_FAMILY = "1,2";
				TEST_TARGET_NAME = HelloCoffeeApp;
			};
			name = Release;
		};
/* End XCBuildConfiguration section */

/* Begin XCConfigurationList section */
		DAEB3F6A2D50432500981042 /* Build configuration list for PBXProject "HelloCoffeeApp" */ = {
			isa = XCConfigurationList;
			buildConfigurations = (
				DAEB3F912D50432800981042 /* Debug */,
				DAEB3F922D50432800981042 /* Release */,
			);
			defaultConfigurationIsVisible = 0;
			defaultConfigurationName = Release;
		};
		DAEB3F932D50432800981042 /* Build configuration list for PBXNativeTarget "HelloCoffeeApp" */ = {
			isa = XCConfigurationList;
			buildConfigurations = (
				DAEB3F942D50432800981042 /* Debug */,
				DAEB3F952D50432800981042 /* Release */,
			);
			defaultConfigurationIsVisible = 0;
			defaultConfigurationName = Release;
		};
		DAEB3F962D50432800981042 /* Build configuration list for PBXNativeTarget "HelloCoffeeAppTests" */ = {
			isa = XCConfigurationList;
			buildConfigurations = (
				DAEB3F972D50432800981042 /* Debug */,
				DAEB3F982D50432800981042 /* Release */,
			);
			defaultConfigurationIsVisible = 0;
			defaultConfigurationName = Release;
		};
		DAEB3F992D50432800981042 /* Build configuration list for PBXNativeTarget "HelloCoffeeAppUITests" */ = {
			isa = XCConfigurationList;
			buildConfigurations = (
				DAEB3F9A2D50432800981042 /* Debug */,
				DAEB3F9B2D50432800981042 /* Release */,
			);
			defaultConfigurationIsVisible = 0;
			defaultConfigurationName = Release;
		};
/* End XCConfigurationList section */
	};
	rootObject = DAEB3F672D50432500981042 /* Project object */;
}
